github.com/DataDog/dd-trace-go/contrib/log/slog/v2 v2.3.0 h1:4b6P8HD3y0JaiXSTOATd458x2ozoBQ7JSIau2bt14Aw=
github.com/DataDog/dd-trace-go/contrib/log/slog/v2 v2.3.0/go.mod h1:Ps0MUVRg2EhbFMXgyar4gzrtQ8QCUXwwvf4VfrvGOck=
github.com/DataDog/dd-trace-go/contrib/net/http/v2 v2.9.1-rc.3 h1:Sa2Xl/25nkVZtsDRMMA0NtJavWEE+4GRc0fPoLznHZI=
github.com/DataDog/dd-trace-go/contrib/net/http/v2 v2.9.1-rc.3/go.mod h1:L0HbDaTdLRK59szho4l7X7YsZ2OkSXgmskvfiOTPLSI=
github.com/DataDog/dd-trace-go/v2 v2.9.1 h1:N2aqlWS0nAG5o+ETVyvz3gtboZbfemaD8Q/VumStGRY=
github.com/DataDog/dd-trace-go/v2 v2.9.1/go.mod h1:SdMkCESSBc2knx56Xol2pO7jhMDPi7MxyNj6vRYMW48=
github.com/DataDog/orchestrion v1.12.0 h1:GMdYBXkn3QbaU1mla2b7FN0uF9vJ2UJzrUH1X254Hc0=
github.com/DataDog/orchestrion v1.12.0/go.mod h1:Xg4S/8UP7LpmmeSR/pqhO7vKUpiohSJcU8VCDPkpBpA=
gopkg.in/DataDog/dd-trace-go.v1 v1.74.8 h1:h96ji92t9eXbPvSWhJ+lrPWetHiQNYlt48JKRO09NFA=
gopkg.in/DataDog/dd-trace-go.v1 v1.74.8/go.mod h1:LpHbtHsCZBlm1HWrlVOUQcEXwMWZnU6yMvmtd1GvSDI=
